
Microsoft Visual Studio Solution File, Format Version 12.00
# Visual Studio Version 17
VisualStudioVersion = 17.3.32825.248
MinimumVisualStudioVersion = 10.0.40219.1
Project("{9A19103F-16F7-4668-BE54-9A1E7A4F7556}") = "Kurilov.Data.PagedView", "src\Data\PagedView\Kurilov.Data.PagedView.csproj", "{2C8BB40E-3D55-43DE-B123-24ED2B625B83}"
EndProject
Project("{9A19103F-16F7-4668-BE54-9A1E7A4F7556}") = "pagedview", "build\pagedview.csproj", "{4B387BC7-EDFC-4B27-9C25-B4C0DF9F3A6E}"
EndProject
Global
	GlobalSection(SolutionConfigurationPlatforms) = preSolution
		Debug|Any CPU = Debug|Any CPU
		Release|Any CPU = Release|Any CPU
	EndGlobalSection
	GlobalSection(ProjectConfigurationPlatforms) = postSolution
		{2C8BB40E-3D55-43DE-B123-24ED2B625B83}.Debug|Any CPU.ActiveCfg = Debug|Any CPU
		{2C8BB40E-3D55-43DE-B123-24ED2B625B83}.Debug|Any CPU.Build.0 = Debug|Any CPU
		{2C8BB40E-3D55-43DE-B123-24ED2B625B83}.Release|Any CPU.ActiveCfg = Release|Any CPU
		{2C8BB40E-3D55-43DE-B123-24ED2B625B83}.Release|Any CPU.Build.0 = Release|Any CPU
		{4B387BC7-EDFC-4B27-9C25-B4C0DF9F3A6E}.Debug|Any CPU.ActiveCfg = Debug|Any CPU
		{4B387BC7-EDFC-4B27-9C25-B4C0DF9F3A6E}.Release|Any CPU.ActiveCfg = Release|Any CPU
	EndGlobalSection
	GlobalSection(SolutionProperties) = preSolution
		HideSolutionNode = FALSE
	EndGlobalSection
	GlobalSection(ExtensibilityGlobals) = postSolution
		SolutionGuid = {367F2DD3-5D11-40B6-ACE0-BD75D3F38ADE}
	EndGlobalSection
EndGlobal
